
Microsoft Visual Studio Solution File, Format Version 12.00
# Visual Studio Version 17
VisualStudioVersion = 17.5.002.0
MinimumVisualStudioVersion = 10.0.40219.1
Project("{9A19103F-16F7-4668-BE54-9A1E7A4F7556}") = "dotnet_azure", "dotnet_azure.csproj", "{3D2ED15B-C9CB-45B6-B411-2F62325DF7C6}"
EndProject
Global
	GlobalSection(SolutionConfigurationPlatforms) = preSolution
		Debug|Any CPU = Debug|Any CPU
		Release|Any CPU = Release|Any CPU
	EndGlobalSection
	GlobalSection(ProjectConfigurationPlatforms) = postSolution
		{3D2ED15B-C9CB-45B6-B411-2F62325DF7C6}.Debug|Any CPU.ActiveCfg = Debug|Any CPU
		{3D2ED15B-C9CB-45B6-B411-2F62325DF7C6}.Debug|Any CPU.Build.0 = Debug|Any CPU
		{3D2ED15B-C9CB-45B6-B411-2F62325DF7C6}.Release|Any CPU.ActiveCfg = Release|Any CPU
		{3D2ED15B-C9CB-45B6-B411-2F62325DF7C6}.Release|Any CPU.Build.0 = Release|Any CPU
	EndGlobalSection
	GlobalSection(SolutionProperties) = preSolution
		HideSolutionNode = FALSE
	EndGlobalSection
	GlobalSection(ExtensibilityGlobals) = postSolution
		SolutionGuid = {63E7EB4E-07FF-4899-BAB1-10888FFA4EED}
	EndGlobalSection
EndGlobal
