
Microsoft Visual Studio Solution File, Format Version 12.00
# Visual Studio Version 17
VisualStudioVersion = 17.5.002.0
MinimumVisualStudioVersion = 10.0.40219.1
Project("{9A19103F-16F7-4668-BE54-9A1E7A4F7556}") = "dotnet_function", "dotnet_function.csproj", "{40A921EB-ECF2-4A57-A93C-1DD4B05E99FD}"
EndProject
Global
	GlobalSection(SolutionConfigurationPlatforms) = preSolution
		Debug|Any CPU = Debug|Any CPU
		Release|Any CPU = Release|Any CPU
	EndGlobalSection
	GlobalSection(ProjectConfigurationPlatforms) = postSolution
		{40A921EB-ECF2-4A57-A93C-1DD4B05E99FD}.Debug|Any CPU.ActiveCfg = Debug|Any CPU
		{40A921EB-ECF2-4A57-A93C-1DD4B05E99FD}.Debug|Any CPU.Build.0 = Debug|Any CPU
		{40A921EB-ECF2-4A57-A93C-1DD4B05E99FD}.Release|Any CPU.ActiveCfg = Release|Any CPU
		{40A921EB-ECF2-4A57-A93C-1DD4B05E99FD}.Release|Any CPU.Build.0 = Release|Any CPU
	EndGlobalSection
	GlobalSection(SolutionProperties) = preSolution
		HideSolutionNode = FALSE
	EndGlobalSection
	GlobalSection(ExtensibilityGlobals) = postSolution
		SolutionGuid = {F5C2CCEB-75A1-4930-89F5-07EFB2CE758B}
	EndGlobalSection
EndGlobal
